// !$*UTF8*$!
{
	archiveVersion = 1;
	classes = {
	};
	objectVersion = 56;
	objects = {

/* Begin PBXBuildFile section */
		4015EC972A8658BE001B5524 /* SnapKit in Frameworks */ = {isa = PBXBuildFile; productRef = 4015EC962A8658BE001B5524 /* SnapKit */; };
		4015EC992A86592B001B5524 /* MainTabBarController.swift in Sources */ = {isa = PBXBuildFile; fileRef = 4015EC982A86592B001B5524 /* MainTabBarController.swift */; };
		4015EC9B2A865B7C001B5524 /* TabBarViewController.swift in Sources */ = {isa = PBXBuildFile; fileRef = 4015EC9A2A865B7C001B5524 /* TabBarViewController.swift */; };
		4015EC9D2A865BB2001B5524 /* HomeViewController.swift in Sources */ = {isa = PBXBuildFile; fileRef = 4015EC9C2A865BB2001B5524 /* HomeViewController.swift */; };
		4015EC9F2A865CBB001B5524 /* HomeView.swift in Sources */ = {isa = PBXBuildFile; fileRef = 4015EC9E2A865CBB001B5524 /* HomeView.swift */; };
		4015ECA12A865CEC001B5524 /* DefaultView.swift in Sources */ = {isa = PBXBuildFile; fileRef = 4015ECA02A865CEC001B5524 /* DefaultView.swift */; };
		4015ECA32A8660E0001B5524 /*  UIKit+Extensions.swift in Sources */ = {isa = PBXBuildFile; fileRef = 4015ECA22A8660E0001B5524 /*  UIKit+Extensions.swift */; };
		4015ECA52A866684001B5524 /* BottomsheetViewController.swift in Sources */ = {isa = PBXBuildFile; fileRef = 4015ECA42A866684001B5524 /* BottomsheetViewController.swift */; };
		4015ECA72A8666B2001B5524 /* DefaultViewController.swift in Sources */ = {isa = PBXBuildFile; fileRef = 4015ECA62A8666B2001B5524 /* DefaultViewController.swift */; };
		4015ECA92A866802001B5524 /* BottomsheetView.swift in Sources */ = {isa = PBXBuildFile; fileRef = 4015ECA82A866802001B5524 /* BottomsheetView.swift */; };
		4021AABF2A8DF72F00AF32B4 /* JobInputView.swift in Sources */ = {isa = PBXBuildFile; fileRef = 4021AABE2A8DF72F00AF32B4 /* JobInputView.swift */; };
		40255FC52A8CF353002FAA17 /* ActionButton.swift in Sources */ = {isa = PBXBuildFile; fileRef = 40255FC42A8CF353002FAA17 /* ActionButton.swift */; };
		40255FCA2A8CF72E002FAA17 /* Then in Frameworks */ = {isa = PBXBuildFile; productRef = 40255FC92A8CF72E002FAA17 /* Then */; };
		40255FCD2A8D0C79002FAA17 /* JobListViewController.swift in Sources */ = {isa = PBXBuildFile; fileRef = 40255FCC2A8D0C79002FAA17 /* JobListViewController.swift */; };
		40255FD02A8D0FE7002FAA17 /* ToDoList.xcdatamodeld in Sources */ = {isa = PBXBuildFile; fileRef = 40255FCE2A8D0FE7002FAA17 /* ToDoList.xcdatamodeld */; };
		40255FD22A8D0FF9002FAA17 /* CoreDataManager.swift in Sources */ = {isa = PBXBuildFile; fileRef = 40255FD12A8D0FF9002FAA17 /* CoreDataManager.swift */; };
		4094B1152A8655B0004FE8B2 /* AppDelegate.swift in Sources */ = {isa = PBXBuildFile; fileRef = 4094B1142A8655B0004FE8B2 /* AppDelegate.swift */; };
		4094B11E2A8655B1004FE8B2 /* Assets.xcassets in Resources */ = {isa = PBXBuildFile; fileRef = 4094B11D2A8655B1004FE8B2 /* Assets.xcassets */; };
		4094B1212A8655B1004FE8B2 /* LaunchScreen.storyboard in Resources */ = {isa = PBXBuildFile; fileRef = 4094B11F2A8655B1004FE8B2 /* LaunchScreen.storyboard */; };
		40D4ECB82A8F51D900213ECC /* Person+CoreDataClass.swift in Sources */ = {isa = PBXBuildFile; fileRef = 40D4ECB42A8F51D900213ECC /* Person+CoreDataClass.swift */; };
		40D4ECB92A8F51D900213ECC /* Person+CoreDataProperties.swift in Sources */ = {isa = PBXBuildFile; fileRef = 40D4ECB52A8F51D900213ECC /* Person+CoreDataProperties.swift */; };
		40D4ECBA2A8F51D900213ECC /* Job+CoreDataClass.swift in Sources */ = {isa = PBXBuildFile; fileRef = 40D4ECB62A8F51D900213ECC /* Job+CoreDataClass.swift */; };
		40D4ECBB2A8F51D900213ECC /* Job+CoreDataProperties.swift in Sources */ = {isa = PBXBuildFile; fileRef = 40D4ECB72A8F51D900213ECC /* Job+CoreDataProperties.swift */; };
		40D4ECC22A8F57D300213ECC /* JobListCellView.swift in Sources */ = {isa = PBXBuildFile; fileRef = 40D4ECC12A8F57D300213ECC /* JobListCellView.swift */; };
		40D623F82A8680FE00B60966 /* CameraViewController.swift in Sources */ = {isa = PBXBuildFile; fileRef = 40D623F72A8680FE00B60966 /* CameraViewController.swift */; };
		40D623FA2A86818800B60966 /* CameraView.swift in Sources */ = {isa = PBXBuildFile; fileRef = 40D623F92A86818800B60966 /* CameraView.swift */; };
		40D623FC2A8681F700B60966 /* VideoPreviewView.swift in Sources */ = {isa = PBXBuildFile; fileRef = 40D623FB2A8681F700B60966 /* VideoPreviewView.swift */; };
/* End PBXBuildFile section */

/* Begin PBXFileReference section */
		4015EC982A86592B001B5524 /* MainTabBarController.swift */ = {isa = PBXFileReference; lastKnownFileType = sourcecode.swift; path = MainTabBarController.swift; sourceTree = "<group>"; };
		4015EC9A2A865B7C001B5524 /* TabBarViewController.swift */ = {isa = PBXFileReference; lastKnownFileType = sourcecode.swift; path = TabBarViewController.swift; sourceTree = "<group>"; };
		4015EC9C2A865BB2001B5524 /* HomeViewController.swift */ = {isa = PBXFileReference; lastKnownFileType = sourcecode.swift; path = HomeViewController.swift; sourceTree = "<group>"; };
		4015EC9E2A865CBB001B5524 /* HomeView.swift */ = {isa = PBXFileReference; lastKnownFileType = sourcecode.swift; path = HomeView.swift; sourceTree = "<group>"; };
		4015ECA02A865CEC001B5524 /* DefaultView.swift */ = {isa = PBXFileReference; lastKnownFileType = sourcecode.swift; path = DefaultView.swift; sourceTree = "<group>"; };
		4015ECA22A8660E0001B5524 /*  UIKit+Extensions.swift */ = {isa = PBXFileReference; lastKnownFileType = sourcecode.swift; path = " UIKit+Extensions.swift"; sourceTree = "<group>"; };
		4015ECA42A866684001B5524 /* BottomsheetViewController.swift */ = {isa = PBXFileReference; lastKnownFileType = sourcecode.swift; path = BottomsheetViewController.swift; sourceTree = "<group>"; };
		4015ECA62A8666B2001B5524 /* DefaultViewController.swift */ = {isa = PBXFileReference; lastKnownFileType = sourcecode.swift; path = DefaultViewController.swift; sourceTree = "<group>"; };
		4015ECA82A866802001B5524 /* BottomsheetView.swift */ = {isa = PBXFileReference; lastKnownFileType = sourcecode.swift; path = BottomsheetView.swift; sourceTree = "<group>"; };
		4021AABE2A8DF72F00AF32B4 /* JobInputView.swift */ = {isa = PBXFileReference; lastKnownFileType = sourcecode.swift; path = JobInputView.swift; sourceTree = "<group>"; };
		40255FC42A8CF353002FAA17 /* ActionButton.swift */ = {isa = PBXFileReference; lastKnownFileType = sourcecode.swift; path = ActionButton.swift; sourceTree = "<group>"; };
		40255FCC2A8D0C79002FAA17 /* JobListViewController.swift */ = {isa = PBXFileReference; lastKnownFileType = sourcecode.swift; path = JobListViewController.swift; sourceTree = "<group>"; };
		40255FCF2A8D0FE7002FAA17 /* ToDoList.xcdatamodel */ = {isa = PBXFileReference; lastKnownFileType = wrapper.xcdatamodel; path = ToDoList.xcdatamodel; sourceTree = "<group>"; };
		40255FD12A8D0FF9002FAA17 /* CoreDataManager.swift */ = {isa = PBXFileReference; lastKnownFileType = sourcecode.swift; path = CoreDataManager.swift; sourceTree = "<group>"; };
		4094B1112A8655B0004FE8B2 /* SuperApp.app */ = {isa = PBXFileReference; explicitFileType = wrapper.application; includeInIndex = 0; path = SuperApp.app; sourceTree = BUILT_PRODUCTS_DIR; };
		4094B1142A8655B0004FE8B2 /* AppDelegate.swift */ = {isa = PBXFileReference; lastKnownFileType = sourcecode.swift; path = AppDelegate.swift; sourceTree = "<group>"; };
		4094B11D2A8655B1004FE8B2 /* Assets.xcassets */ = {isa = PBXFileReference; lastKnownFileType = folder.assetcatalog; path = Assets.xcassets; sourceTree = "<group>"; };
		4094B1202A8655B1004FE8B2 /* Base */ = {isa = PBXFileReference; lastKnownFileType = file.storyboard; name = Base; path = Base.lproj/LaunchScreen.storyboard; sourceTree = "<group>"; };
		4094B1222A8655B1004FE8B2 /* Info.plist */ = {isa = PBXFileReference; lastKnownFileType = text.plist.xml; path = Info.plist; sourceTree = "<group>"; };
		40D4ECB42A8F51D900213ECC /* Person+CoreDataClass.swift */ = {isa = PBXFileReference; lastKnownFileType = sourcecode.swift; path = "Person+CoreDataClass.swift"; sourceTree = SOURCE_ROOT; };
		40D4ECB52A8F51D900213ECC /* Person+CoreDataProperties.swift */ = {isa = PBXFileReference; lastKnownFileType = sourcecode.swift; path = "Person+CoreDataProperties.swift"; sourceTree = SOURCE_ROOT; };
		40D4ECB62A8F51D900213ECC /* Job+CoreDataClass.swift */ = {isa = PBXFileReference; lastKnownFileType = sourcecode.swift; path = "Job+CoreDataClass.swift"; sourceTree = SOURCE_ROOT; };
		40D4ECB72A8F51D900213ECC /* Job+CoreDataProperties.swift */ = {isa = PBXFileReference; lastKnownFileType = sourcecode.swift; path = "Job+CoreDataProperties.swift"; sourceTree = SOURCE_ROOT; };
		40D4ECC12A8F57D300213ECC /* JobListCellView.swift */ = {isa = PBXFileReference; lastKnownFileType = sourcecode.swift; path = JobListCellView.swift; sourceTree = "<group>"; };
		40D623F72A8680FE00B60966 /* CameraViewController.swift */ = {isa = PBXFileReference; lastKnownFileType = sourcecode.swift; path = CameraViewController.swift; sourceTree = "<group>"; };
		40D623F92A86818800B60966 /* CameraView.swift */ = {isa = PBXFileReference; lastKnownFileType = sourcecode.swift; path = CameraView.swift; sourceTree = "<group>"; };
		40D623FB2A8681F700B60966 /* VideoPreviewView.swift */ = {isa = PBXFileReference; lastKnownFileType = sourcecode.swift; path = VideoPreviewView.swift; sourceTree = "<group>"; };
/* End PBXFileReference section */

/* Begin PBXFrameworksBuildPhase section */
		4094B10E2A8655B0004FE8B2 /* Frameworks */ = {
			isa = PBXFrameworksBuildPhase;
			buildActionMask = 2147483647;
			files = (
				4015EC972A8658BE001B5524 /* SnapKit in Frameworks */,
				40255FCA2A8CF72E002FAA17 /* Then in Frameworks */,
			);
			runOnlyForDeploymentPostprocessing = 0;
		};
/* End PBXFrameworksBuildPhase section */

/* Begin PBXGroup section */
		40255FBE2A8CEB1B002FAA17 /* Camera */ = {
			isa = PBXGroup;
			children = (
				40D623F72A8680FE00B60966 /* CameraViewController.swift */,
				40D623F92A86818800B60966 /* CameraView.swift */,
				40D623FB2A8681F700B60966 /* VideoPreviewView.swift */,
			);
			path = Camera;
			sourceTree = "<group>";
		};
		40255FBF2A8CEB33002FAA17 /* Modules */ = {
			isa = PBXGroup;
			children = (
				40255FCB2A8D0C55002FAA17 /* ToDoList */,
				40255FC02A8CEB64002FAA17 /* Home */,
				40255FBE2A8CEB1B002FAA17 /* Camera */,
			);
			path = Modules;
			sourceTree = "<group>";
		};
		40255FC02A8CEB64002FAA17 /* Home */ = {
			isa = PBXGroup;
			children = (
				4015EC9C2A865BB2001B5524 /* HomeViewController.swift */,
				4015EC9E2A865CBB001B5524 /* HomeView.swift */,
			);
			path = Home;
			sourceTree = "<group>";
		};
		40255FC12A8CEB77002FAA17 /* Components */ = {
			isa = PBXGroup;
			children = (
				40255FC22A8CEB99002FAA17 /* Bottomsheet */,
				4015ECA62A8666B2001B5524 /* DefaultViewController.swift */,
				4015ECA02A865CEC001B5524 /* DefaultView.swift */,
				4015EC9A2A865B7C001B5524 /* TabBarViewController.swift */,
				40255FC42A8CF353002FAA17 /* ActionButton.swift */,
			);
			path = Components;
			sourceTree = "<group>";
		};
		40255FC22A8CEB99002FAA17 /* Bottomsheet */ = {
			isa = PBXGroup;
			children = (
				4015ECA42A866684001B5524 /* BottomsheetViewController.swift */,
				4015ECA82A866802001B5524 /* BottomsheetView.swift */,
			);
			path = Bottomsheet;
			sourceTree = "<group>";
		};
		40255FC32A8CEBE6002FAA17 /* Extensions */ = {
			isa = PBXGroup;
			children = (
				4015ECA22A8660E0001B5524 /*  UIKit+Extensions.swift */,
			);
			path = Extensions;
			sourceTree = "<group>";
		};
		40255FCB2A8D0C55002FAA17 /* ToDoList */ = {
			isa = PBXGroup;
			children = (
				40FDADC52A8E4A6500026A99 /* Model */,
				40255FCC2A8D0C79002FAA17 /* JobListViewController.swift */,
				40D4ECC12A8F57D300213ECC /* JobListCellView.swift */,
				4021AABE2A8DF72F00AF32B4 /* JobInputView.swift */,
			);
			path = ToDoList;
			sourceTree = "<group>";
		};
		4094B1082A8655B0004FE8B2 = {
			isa = PBXGroup;
			children = (
				4094B1132A8655B0004FE8B2 /* SuperApp */,
				4094B1122A8655B0004FE8B2 /* Products */,
			);
			sourceTree = "<group>";
		};
		4094B1122A8655B0004FE8B2 /* Products */ = {
			isa = PBXGroup;
			children = (
				4094B1112A8655B0004FE8B2 /* SuperApp.app */,
			);
			name = Products;
			sourceTree = "<group>";
		};
		4094B1132A8655B0004FE8B2 /* SuperApp */ = {
			isa = PBXGroup;
			children = (
				4094B1142A8655B0004FE8B2 /* AppDelegate.swift */,
				4015EC982A86592B001B5524 /* MainTabBarController.swift */,
				40255FBF2A8CEB33002FAA17 /* Modules */,
				40255FC12A8CEB77002FAA17 /* Components */,
				40D4ECC02A8F579400213ECC /* Helper */,
				40255FC32A8CEBE6002FAA17 /* Extensions */,
				4094B11D2A8655B1004FE8B2 /* Assets.xcassets */,
				4094B11F2A8655B1004FE8B2 /* LaunchScreen.storyboard */,
				4094B1222A8655B1004FE8B2 /* Info.plist */,
			);
			path = SuperApp;
			sourceTree = "<group>";
		};
		40D4ECC02A8F579400213ECC /* Helper */ = {
			isa = PBXGroup;
			children = (
				40255FD12A8D0FF9002FAA17 /* CoreDataManager.swift */,
			);
			path = Helper;
			sourceTree = "<group>";
		};
		40FDADC52A8E4A6500026A99 /* Model */ = {
			isa = PBXGroup;
			children = (
				40D4ECB42A8F51D900213ECC /* Person+CoreDataClass.swift */,
				40D4ECB52A8F51D900213ECC /* Person+CoreDataProperties.swift */,
				40D4ECB62A8F51D900213ECC /* Job+CoreDataClass.swift */,
				40D4ECB72A8F51D900213ECC /* Job+CoreDataProperties.swift */,
				40255FCE2A8D0FE7002FAA17 /* ToDoList.xcdatamodeld */,
			);
			path = Model;
			sourceTree = "<group>";
		};
/* End PBXGroup section */

/* Begin PBXNativeTarget section */
		4094B1102A8655B0004FE8B2 /* SuperApp */ = {
			isa = PBXNativeTarget;
			buildConfigurationList = 4094B1252A8655B1004FE8B2 /* Build configuration list for PBXNativeTarget "SuperApp" */;
			buildPhases = (
				4094B10D2A8655B0004FE8B2 /* Sources */,
				4094B10E2A8655B0004FE8B2 /* Frameworks */,
				4094B10F2A8655B0004FE8B2 /* Resources */,
			);
			buildRules = (
			);
			dependencies = (
			);
			name = SuperApp;
			packageProductDependencies = (
				4015EC962A8658BE001B5524 /* SnapKit */,
				40255FC92A8CF72E002FAA17 /* Then */,
			);
			productName = SuperApp;
			productReference = 4094B1112A8655B0004FE8B2 /* SuperApp.app */;
			productType = "com.apple.product-type.application";
		};
/* End PBXNativeTarget section */

/* Begin PBXProject section */
		4094B1092A8655B0004FE8B2 /* Project object */ = {
			isa = PBXProject;
			attributes = {
				BuildIndependentTargetsInParallel = 1;
				LastSwiftUpdateCheck = 1430;
				LastUpgradeCheck = 1430;
				TargetAttributes = {
					4094B1102A8655B0004FE8B2 = {
						CreatedOnToolsVersion = 14.3;
					};
				};
			};
			buildConfigurationList = 4094B10C2A8655B0004FE8B2 /* Build configuration list for PBXProject "SuperApp" */;
			compatibilityVersion = "Xcode 14.0";
			developmentRegion = en;
			hasScannedForEncodings = 0;
			knownRegions = (
				en,
				Base,
			);
			mainGroup = 4094B1082A8655B0004FE8B2;
			packageReferences = (
				4015EC952A8658BD001B5524 /* XCRemoteSwiftPackageReference "SnapKit" */,
				40255FC82A8CF72E002FAA17 /* XCRemoteSwiftPackageReference "Then" */,
			);
			productRefGroup = 4094B1122A8655B0004FE8B2 /* Products */;
			projectDirPath = "";
			projectRoot = "";
			targets = (
				4094B1102A8655B0004FE8B2 /* SuperApp */,
			);
		};
/* End PBXProject section */

/* Begin PBXResourcesBuildPhase section */
		4094B10F2A8655B0004FE8B2 /* Resources */ = {
			isa = PBXResourcesBuildPhase;
			buildActionMask = 2147483647;
			files = (
				4094B1212A8655B1004FE8B2 /* LaunchScreen.storyboard in Resources */,
				4094B11E2A8655B1004FE8B2 /* Assets.xcassets in Resources */,
			);
			runOnlyForDeploymentPostprocessing = 0;
		};
/* End PBXResourcesBuildPhase section */

/* Begin PBXSourcesBuildPhase section */
		4094B10D2A8655B0004FE8B2 /* Sources */ = {
			isa = PBXSourcesBuildPhase;
			buildActionMask = 2147483647;
			files = (
				40D623F82A8680FE00B60966 /* CameraViewController.swift in Sources */,
				40D4ECB82A8F51D900213ECC /* Person+CoreDataClass.swift in Sources */,
				40D623FC2A8681F700B60966 /* VideoPreviewView.swift in Sources */,
				4015EC992A86592B001B5524 /* MainTabBarController.swift in Sources */,
				4015EC9B2A865B7C001B5524 /* TabBarViewController.swift in Sources */,
				40255FD22A8D0FF9002FAA17 /* CoreDataManager.swift in Sources */,
				40D623FA2A86818800B60966 /* CameraView.swift in Sources */,
				4015ECA12A865CEC001B5524 /* DefaultView.swift in Sources */,
				4094B1152A8655B0004FE8B2 /* AppDelegate.swift in Sources */,
				4015EC9F2A865CBB001B5524 /* HomeView.swift in Sources */,
				4015ECA32A8660E0001B5524 /*  UIKit+Extensions.swift in Sources */,
				4015ECA72A8666B2001B5524 /* DefaultViewController.swift in Sources */,
				4021AABF2A8DF72F00AF32B4 /* JobInputView.swift in Sources */,
				4015ECA92A866802001B5524 /* BottomsheetView.swift in Sources */,
				4015EC9D2A865BB2001B5524 /* HomeViewController.swift in Sources */,
				40D4ECBA2A8F51D900213ECC /* Job+CoreDataClass.swift in Sources */,
				40D4ECC22A8F57D300213ECC /* JobListCellView.swift in Sources */,
				40255FCD2A8D0C79002FAA17 /* JobListViewController.swift in Sources */,
				40D4ECB92A8F51D900213ECC /* Person+CoreDataProperties.swift in Sources */,
				4015ECA52A866684001B5524 /* BottomsheetViewController.swift in Sources */,
				40D4ECBB2A8F51D900213ECC /* Job+CoreDataProperties.swift in Sources */,
				40255FC52A8CF353002FAA17 /* ActionButton.swift in Sources */,
				40255FD02A8D0FE7002FAA17 /* ToDoList.xcdatamodeld in Sources */,
			);
			runOnlyForDeploymentPostprocessing = 0;
		};
/* End PBXSourcesBuildPhase section */

/* Begin PBXVariantGroup section */
		4094B11F2A8655B1004FE8B2 /* LaunchScreen.storyboard */ = {
			isa = PBXVariantGroup;
			children = (
				4094B1202A8655B1004FE8B2 /* Base */,
			);
			name = LaunchScreen.storyboard;
			sourceTree = "<group>";
		};
/* End PBXVariantGroup section */

/* Begin XCBuildConfiguration section */
		4094B1232A8655B1004FE8B2 /* Debug */ = {
			isa = XCBuildConfiguration;
			buildSettings = {
				ALWAYS_SEARCH_USER_PATHS = NO;
				CLANG_ANALYZER_NONNULL = YES;
				CLANG_ANALYZER_NUMBER_OBJECT_CONVERSION = YES_AGGRESSIVE;
				CLANG_CXX_LANGUAGE_STANDARD = "gnu++20";
				CLANG_ENABLE_MODULES = YES;
				CLANG_ENABLE_OBJC_ARC = YES;
				CLANG_ENABLE_OBJC_WEAK = YES;
				CLANG_WARN_BLOCK_CAPTURE_AUTORELEASING = YES;
				CLANG_WARN_BOOL_CONVERSION = YES;
				CLANG_WARN_COMMA = YES;
				CLANG_WARN_CONSTANT_CONVERSION = YES;
				CLANG_WARN_DEPRECATED_OBJC_IMPLEMENTATIONS = YES;
				CLANG_WARN_DIRECT_OBJC_ISA_USAGE = YES_ERROR;
				CLANG_WARN_DOCUMENTATION_COMMENTS = YES;
				CLANG_WARN_EMPTY_BODY = YES;
				CLANG_WARN_ENUM_CONVERSION = YES;
				CLANG_WARN_INFINITE_RECURSION = YES;
				CLANG_WARN_INT_CONVERSION = YES;
				CLANG_WARN_NON_LITERAL_NULL_CONVERSION = YES;
				CLANG_WARN_OBJC_IMPLICIT_RETAIN_SELF = YES;
				CLANG_WARN_OBJC_LITERAL_CONVERSION = YES;
				CLANG_WARN_OBJC_ROOT_CLASS = YES_ERROR;
				CLANG_WARN_QUOTED_INCLUDE_IN_FRAMEWORK_HEADER = YES;
				CLANG_WARN_RANGE_LOOP_ANALYSIS = YES;
				CLANG_WARN_STRICT_PROTOTYPES = YES;
				CLANG_WARN_SUSPICIOUS_MOVE = YES;
				CLANG_WARN_UNGUARDED_AVAILABILITY = YES_AGGRESSIVE;
				CLANG_WARN_UNREACHABLE_CODE = YES;
				CLANG_WARN__DUPLICATE_METHOD_MATCH = YES;
				COPY_PHASE_STRIP = NO;
				DEBUG_INFORMATION_FORMAT = dwarf;
				ENABLE_STRICT_OBJC_MSGSEND = YES;
				ENABLE_TESTABILITY = YES;
				GCC_C_LANGUAGE_STANDARD = gnu11;
				GCC_DYNAMIC_NO_PIC = NO;
				GCC_NO_COMMON_BLOCKS = YES;
				GCC_OPTIMIZATION_LEVEL = 0;
				GCC_PREPROCESSOR_DEFINITIONS = (
					"DEBUG=1",
					"$(inherited)",
				);
				GCC_WARN_64_TO_32_BIT_CONVERSION = YES;
				GCC_WARN_ABOUT_RETURN_TYPE = YES_ERROR;
				GCC_WARN_UNDECLARED_SELECTOR = YES;
				GCC_WARN_UNINITIALIZED_AUTOS = YES_AGGRESSIVE;
				GCC_WARN_UNUSED_FUNCTION = YES;
				GCC_WARN_UNUSED_VARIABLE = YES;
				IPHONEOS_DEPLOYMENT_TARGET = 16.4;
				MTL_ENABLE_DEBUG_INFO = INCLUDE_SOURCE;
				MTL_FAST_MATH = YES;
				ONLY_ACTIVE_ARCH = YES;
				SDKROOT = iphoneos;
				SWIFT_ACTIVE_COMPILATION_CONDITIONS = DEBUG;
				SWIFT_OPTIMIZATION_LEVEL = "-Onone";
			};
			name = Debug;
		};
		4094B1242A8655B1004FE8B2 /* Release */ = {
			isa = XCBuildConfiguration;
			buildSettings = {
				ALWAYS_SEARCH_USER_PATHS = NO;
				CLANG_ANALYZER_NONNULL = YES;
				CLANG_ANALYZER_NUMBER_OBJECT_CONVERSION = YES_AGGRESSIVE;
				CLANG_CXX_LANGUAGE_STANDARD = "gnu++20";
				CLANG_ENABLE_MODULES = YES;
				CLANG_ENABLE_OBJC_ARC = YES;
				CLANG_ENABLE_OBJC_WEAK = YES;
				CLANG_WARN_BLOCK_CAPTURE_AUTORELEASING = YES;
				CLANG_WARN_BOOL_CONVERSION = YES;
				CLANG_WARN_COMMA = YES;
				CLANG_WARN_CONSTANT_CONVERSION = YES;
				CLANG_WARN_DEPRECATED_OBJC_IMPLEMENTATIONS = YES;
				CLANG_WARN_DIRECT_OBJC_ISA_USAGE = YES_ERROR;
				CLANG_WARN_DOCUMENTATION_COMMENTS = YES;
				CLANG_WARN_EMPTY_BODY = YES;
				CLANG_WARN_ENUM_CONVERSION = YES;
				CLANG_WARN_INFINITE_RECURSION = YES;
				CLANG_WARN_INT_CONVERSION = YES;
				CLANG_WARN_NON_LITERAL_NULL_CONVERSION = YES;
				CLANG_WARN_OBJC_IMPLICIT_RETAIN_SELF = YES;
				CLANG_WARN_OBJC_LITERAL_CONVERSION = YES;
				CLANG_WARN_OBJC_ROOT_CLASS = YES_ERROR;
				CLANG_WARN_QUOTED_INCLUDE_IN_FRAMEWORK_HEADER = YES;
				CLANG_WARN_RANGE_LOOP_ANALYSIS = YES;
				CLANG_WARN_STRICT_PROTOTYPES = YES;
				CLANG_WARN_SUSPICIOUS_MOVE = YES;
				CLANG_WARN_UNGUARDED_AVAILABILITY = YES_AGGRESSIVE;
				CLANG_WARN_UNREACHABLE_CODE = YES;
				CLANG_WARN__DUPLICATE_METHOD_MATCH = YES;
				COPY_PHASE_STRIP = NO;
				DEBUG_INFORMATION_FORMAT = "dwarf-with-dsym";
				ENABLE_NS_ASSERTIONS = NO;
				ENABLE_STRICT_OBJC_MSGSEND = YES;
				GCC_C_LANGUAGE_STANDARD = gnu11;
				GCC_NO_COMMON_BLOCKS = YES;
				GCC_WARN_64_TO_32_BIT_CONVERSION = YES;
				GCC_WARN_ABOUT_RETURN_TYPE = YES_ERROR;
				GCC_WARN_UNDECLARED_SELECTOR = YES;
				GCC_WARN_UNINITIALIZED_AUTOS = YES_AGGRESSIVE;
				GCC_WARN_UNUSED_FUNCTION = YES;
				GCC_WARN_UNUSED_VARIABLE = YES;
				IPHONEOS_DEPLOYMENT_TARGET = 16.4;
				MTL_ENABLE_DEBUG_INFO = NO;
				MTL_FAST_MATH = YES;
				SDKROOT = iphoneos;
				SWIFT_COMPILATION_MODE = wholemodule;
				SWIFT_OPTIMIZATION_LEVEL = "-O";
				VALIDATE_PRODUCT = YES;
			};
			name = Release;
		};
		4094B1262A8655B1004FE8B2 /* Debug */ = {
			isa = XCBuildConfiguration;
			buildSettings = {
				ASSETCATALOG_COMPILER_APPICON_NAME = AppIcon;
				ASSETCATALOG_COMPILER_GLOBAL_ACCENT_COLOR_NAME = AccentColor;
				CODE_SIGN_STYLE = Automatic;
				CURRENT_PROJECT_VERSION = 1;
				DEVELOPMENT_TEAM = 336H2XD99W;
				GENERATE_INFOPLIST_FILE = YES;
				INFOPLIST_FILE = SuperApp/Info.plist;
				INFOPLIST_KEY_NSCameraUsageDescription = "This app need to access camera.";
				INFOPLIST_KEY_UIApplicationSupportsIndirectInputEvents = YES;
				INFOPLIST_KEY_UILaunchStoryboardName = LaunchScreen;
				INFOPLIST_KEY_UISupportedInterfaceOrientations_iPad = "UIInterfaceOrientationPortrait UIInterfaceOrientationPortraitUpsideDown UIInterfaceOrientationLandscapeLeft UIInterfaceOrientationLandscapeRight";
				INFOPLIST_KEY_UISupportedInterfaceOrientations_iPhone = "UIInterfaceOrientationPortrait UIInterfaceOrientationLandscapeLeft UIInterfaceOrientationLandscapeRight";
				LD_RUNPATH_SEARCH_PATHS = (
					"$(inherited)",
					"@executable_path/Frameworks",
				);
				MARKETING_VERSION = 1.0;
				PRODUCT_BUNDLE_IDENTIFIER = com.abimanyupramukti.SuperApp;
				PRODUCT_NAME = "$(TARGET_NAME)";
				SWIFT_EMIT_LOC_STRINGS = YES;
				SWIFT_VERSION = 5.0;
				TARGETED_DEVICE_FAMILY = "1,2";
			};
			name = Debug;
		};
		4094B1272A8655B1004FE8B2 /* Release */ = {
			isa = XCBuildConfiguration;
			buildSettings = {
				ASSETCATALOG_COMPILER_APPICON_NAME = AppIcon;
				ASSETCATALOG_COMPILER_GLOBAL_ACCENT_COLOR_NAME = AccentColor;
				CODE_SIGN_STYLE = Automatic;
				CURRENT_PROJECT_VERSION = 1;
				DEVELOPMENT_TEAM = 336H2XD99W;
				GENERATE_INFOPLIST_FILE = YES;
				INFOPLIST_FILE = SuperApp/Info.plist;
				INFOPLIST_KEY_NSCameraUsageDescription = "This app need to access camera.";
				INFOPLIST_KEY_UIApplicationSupportsIndirectInputEvents = YES;
				INFOPLIST_KEY_UILaunchStoryboardName = LaunchScreen;
				INFOPLIST_KEY_UISupportedInterfaceOrientations_iPad = "UIInterfaceOrientationPortrait UIInterfaceOrientationPortraitUpsideDown UIInterfaceOrientationLandscapeLeft UIInterfaceOrientationLandscapeRight";
				INFOPLIST_KEY_UISupportedInterfaceOrientations_iPhone = "UIInterfaceOrientationPortrait UIInterfaceOrientationLandscapeLeft UIInterfaceOrientationLandscapeRight";
				LD_RUNPATH_SEARCH_PATHS = (
					"$(inherited)",
					"@executable_path/Frameworks",
				);
				MARKETING_VERSION = 1.0;
				PRODUCT_BUNDLE_IDENTIFIER = com.abimanyupramukti.SuperApp;
				PRODUCT_NAME = "$(TARGET_NAME)";
				SWIFT_EMIT_LOC_STRINGS = YES;
				SWIFT_VERSION = 5.0;
				TARGETED_DEVICE_FAMILY = "1,2";
			};
			name = Release;
		};
/* End XCBuildConfiguration section */

/* Begin XCConfigurationList section */
		4094B10C2A8655B0004FE8B2 /* Build configuration list for PBXProject "SuperApp" */ = {
			isa = XCConfigurationList;
			buildConfigurations = (
				4094B1232A8655B1004FE8B2 /* Debug */,
				4094B1242A8655B1004FE8B2 /* Release */,
			);
			defaultConfigurationIsVisible = 0;
			defaultConfigurationName = Release;
		};
		4094B1252A8655B1004FE8B2 /* Build configuration list for PBXNativeTarget "SuperApp" */ = {
			isa = XCConfigurationList;
			buildConfigurations = (
				4094B1262A8655B1004FE8B2 /* Debug */,
				4094B1272A8655B1004FE8B2 /* Release */,
			);
			defaultConfigurationIsVisible = 0;
			defaultConfigurationName = Release;
		};
/* End XCConfigurationList section */

/* Begin XCRemoteSwiftPackageReference section */
		4015EC952A8658BD001B5524 /* XCRemoteSwiftPackageReference "SnapKit" */ = {
			isa = XCRemoteSwiftPackageReference;
			repositoryURL = "https://github.com/SnapKit/SnapKit";
			requirement = {
				kind = upToNextMajorVersion;
				minimumVersion = 5.0.0;
			};
		};
		40255FC82A8CF72E002FAA17 /* XCRemoteSwiftPackageReference "Then" */ = {
			isa = XCRemoteSwiftPackageReference;
			repositoryURL = "https://github.com/devxoul/Then";
			requirement = {
				kind = upToNextMajorVersion;
				minimumVersion = 3.0.0;
			};
		};
/* End XCRemoteSwiftPackageReference section */

/* Begin XCSwiftPackageProductDependency section */
		4015EC962A8658BE001B5524 /* SnapKit */ = {
			isa = XCSwiftPackageProductDependency;
			package = 4015EC952A8658BD001B5524 /* XCRemoteSwiftPackageReference "SnapKit" */;
			productName = SnapKit;
		};
		40255FC92A8CF72E002FAA17 /* Then */ = {
			isa = XCSwiftPackageProductDependency;
			package = 40255FC82A8CF72E002FAA17 /* XCRemoteSwiftPackageReference "Then" */;
			productName = Then;
		};
/* End XCSwiftPackageProductDependency section */

/* Begin XCVersionGroup section */
		40255FCE2A8D0FE7002FAA17 /* ToDoList.xcdatamodeld */ = {
			isa = XCVersionGroup;
			children = (
				40255FCF2A8D0FE7002FAA17 /* ToDoList.xcdatamodel */,
			);
			currentVersion = 40255FCF2A8D0FE7002FAA17 /* ToDoList.xcdatamodel */;
			path = ToDoList.xcdatamodeld;
			sourceTree = "<group>";
			versionGroupType = wrapper.xcdatamodel;
		};
/* End XCVersionGroup section */
	};
	rootObject = 4094B1092A8655B0004FE8B2 /* Project object */;
}
